
Microsoft Visual Studio Solution File, Format Version 12.00
# Visual Studio Version 16
VisualStudioVersion = 16.0.31205.134
MinimumVisualStudioVersion = 15.0.26124.0
Project("{9A19103F-16F7-4668-BE54-9A1E7A4F7556}") = "API", "API\API.csproj", "{7E4279A8-2C8A-471D-8368-1833B72BE2AB}"
EndProject
Project("{FAE04EC0-301F-11D3-BF4B-00C04F79EFBC}") = "DatingApp.Tests", "DatingApp.Tests\DatingApp.Tests.csproj", "{C1F14352-CC29-4420-8D0F-19EB9B9C3666}"
EndProject
Global
	GlobalSection(SolutionConfigurationPlatforms) = preSolution
		Debug|Any CPU = Debug|Any CPU
		Debug|x64 = Debug|x64
		Debug|x86 = Debug|x86
		Release|Any CPU = Release|Any CPU
		Release|x64 = Release|x64
		Release|x86 = Release|x86
	EndGlobalSection
	GlobalSection(ProjectConfigurationPlatforms) = postSolution
		{7E4279A8-2C8A-471D-8368-1833B72BE2AB}.Debug|Any CPU.ActiveCfg = Debug|Any CPU
		{7E4279A8-2C8A-471D-8368-1833B72BE2AB}.Debug|Any CPU.Build.0 = Debug|Any CPU
		{7E4279A8-2C8A-471D-8368-1833B72BE2AB}.Debug|x64.ActiveCfg = Debug|Any CPU
		{7E4279A8-2C8A-471D-8368-1833B72BE2AB}.Debug|x64.Build.0 = Debug|Any CPU
		{7E4279A8-2C8A-471D-8368-1833B72BE2AB}.Debug|x86.ActiveCfg = Debug|Any CPU
		{7E4279A8-2C8A-471D-8368-1833B72BE2AB}.Debug|x86.Build.0 = Debug|Any CPU
		{7E4279A8-2C8A-471D-8368-1833B72BE2AB}.Release|Any CPU.ActiveCfg = Release|Any CPU
		{7E4279A8-2C8A-471D-8368-1833B72BE2AB}.Release|Any CPU.Build.0 = Release|Any CPU
		{7E4279A8-2C8A-471D-8368-1833B72BE2AB}.Release|x64.ActiveCfg = Release|Any CPU
		{7E4279A8-2C8A-471D-8368-1833B72BE2AB}.Release|x64.Build.0 = Release|Any CPU
		{7E4279A8-2C8A-471D-8368-1833B72BE2AB}.Release|x86.ActiveCfg = Release|Any CPU
		{7E4279A8-2C8A-471D-8368-1833B72BE2AB}.Release|x86.Build.0 = Release|Any CPU
		{C1F14352-CC29-4420-8D0F-19EB9B9C3666}.Debug|Any CPU.ActiveCfg = Debug|Any CPU
		{C1F14352-CC29-4420-8D0F-19EB9B9C3666}.Debug|Any CPU.Build.0 = Debug|Any CPU
		{C1F14352-CC29-4420-8D0F-19EB9B9C3666}.Debug|x64.ActiveCfg = Debug|Any CPU
		{C1F14352-CC29-4420-8D0F-19EB9B9C3666}.Debug|x64.Build.0 = Debug|Any CPU
		{C1F14352-CC29-4420-8D0F-19EB9B9C3666}.Debug|x86.ActiveCfg = Debug|Any CPU
		{C1F14352-CC29-4420-8D0F-19EB9B9C3666}.Debug|x86.Build.0 = Debug|Any CPU
		{C1F14352-CC29-4420-8D0F-19EB9B9C3666}.Release|Any CPU.ActiveCfg = Release|Any CPU
		{C1F14352-CC29-4420-8D0F-19EB9B9C3666}.Release|Any CPU.Build.0 = Release|Any CPU
		{C1F14352-CC29-4420-8D0F-19EB9B9C3666}.Release|x64.ActiveCfg = Release|Any CPU
		{C1F14352-CC29-4420-8D0F-19EB9B9C3666}.Release|x64.Build.0 = Release|Any CPU
		{C1F14352-CC29-4420-8D0F-19EB9B9C3666}.Release|x86.ActiveCfg = Release|Any CPU
		{C1F14352-CC29-4420-8D0F-19EB9B9C3666}.Release|x86.Build.0 = Release|Any CPU
	EndGlobalSection
	GlobalSection(SolutionProperties) = preSolution
		HideSolutionNode = FALSE
	EndGlobalSection
	GlobalSection(ExtensibilityGlobals) = postSolution
		SolutionGuid = {4A484DBA-8B10-46F3-83A5-5AF8B723C2B0}
	EndGlobalSection
EndGlobal
